
Microsoft Visual Studio Solution File, Format Version 12.00
# Visual Studio 15
VisualStudioVersion = 15.0.27428.2015
MinimumVisualStudioVersion = 10.0.40219.1
Project("{FAE04EC0-301F-11D3-BF4B-00C04F79EFBC}") = "Systeminfonetcore", "Systeminfonetcore\Systeminfonetcore.csproj", "{203246FA-87E4-43D1-ADA7-DE1D00015AE2}"
EndProject
Global
	GlobalSection(SolutionConfigurationPlatforms) = preSolution
		Debug|Any CPU = Debug|Any CPU
		Release|Any CPU = Release|Any CPU
	EndGlobalSection
	GlobalSection(ProjectConfigurationPlatforms) = postSolution
		{203246FA-87E4-43D1-ADA7-DE1D00015AE2}.Debug|Any CPU.ActiveCfg = Debug|Any CPU
		{203246FA-87E4-43D1-ADA7-DE1D00015AE2}.Debug|Any CPU.Build.0 = Debug|Any CPU
		{203246FA-87E4-43D1-ADA7-DE1D00015AE2}.Release|Any CPU.ActiveCfg = Release|Any CPU
		{203246FA-87E4-43D1-ADA7-DE1D00015AE2}.Release|Any CPU.Build.0 = Release|Any CPU
	EndGlobalSection
	GlobalSection(SolutionProperties) = preSolution
		HideSolutionNode = FALSE
	EndGlobalSection
	GlobalSection(ExtensibilityGlobals) = postSolution
		SolutionGuid = {B117A818-787E-4BF9-ADF6-A36B1A0FC8D5}
	EndGlobalSection
EndGlobal
